// !$*UTF8*$!
{
	archiveVersion = 1;
	classes = {
	};
	objectVersion = 50;
	objects = {

/* Begin PBXBuildFile section */
		CCE77987249CA0A50013DA2B /* AppDelegate.swift in Sources */ = {isa = PBXBuildFile; fileRef = CCE77986249CA0A50013DA2B /* AppDelegate.swift */; };
		CCE77989249CA0A50013DA2B /* SceneDelegate.swift in Sources */ = {isa = PBXBuildFile; fileRef = CCE77988249CA0A50013DA2B /* SceneDelegate.swift */; };
		CCE7798E249CA0A50013DA2B /* Main.storyboard in Resources */ = {isa = PBXBuildFile; fileRef = CCE7798C249CA0A50013DA2B /* Main.storyboard */; };
		CCE77990249CA0A80013DA2B /* Assets.xcassets in Resources */ = {isa = PBXBuildFile; fileRef = CCE7798F249CA0A80013DA2B /* Assets.xcassets */; };
		CCE77993249CA0A80013DA2B /* LaunchScreen.storyboard in Resources */ = {isa = PBXBuildFile; fileRef = CCE77991249CA0A80013DA2B /* LaunchScreen.storyboard */; };
		CCE7799E249CA1570013DA2B /* TimeCircuitsViewController.swift in Sources */ = {isa = PBXBuildFile; fileRef = CCE7799D249CA1570013DA2B /* TimeCircuitsViewController.swift */; };
		CCE779A0249CA16B0013DA2B /* DatePickerViewController.swift in Sources */ = {isa = PBXBuildFile; fileRef = CCE7799F249CA16B0013DA2B /* DatePickerViewController.swift */; };
		CCE779A3249CAC0E0013DA2B /* digital-7.ttf in Resources */ = {isa = PBXBuildFile; fileRef = CCE779A2249CAC0E0013DA2B /* digital-7.ttf */; };
/* End PBXBuildFile section */

/* Begin PBXFileReference section */
		CCE77983249CA0A50013DA2B /* OutaTime.app */ = {isa = PBXFileReference; explicitFileType = wrapper.application; includeInIndex = 0; path = OutaTime.app; sourceTree = BUILT_PRODUCTS_DIR; };
		CCE77986249CA0A50013DA2B /* AppDelegate.swift */ = {isa = PBXFileReference; lastKnownFileType = sourcecode.swift; path = AppDelegate.swift; sourceTree = "<group>"; };
		CCE77988249CA0A50013DA2B /* SceneDelegate.swift */ = {isa = PBXFileReference; lastKnownFileType = sourcecode.swift; path = SceneDelegate.swift; sourceTree = "<group>"; };
		CCE7798D249CA0A50013DA2B /* Base */ = {isa = PBXFileReference; lastKnownFileType = file.storyboard; name = Base; path = Base.lproj/Main.storyboard; sourceTree = "<group>"; };
		CCE7798F249CA0A80013DA2B /* Assets.xcassets */ = {isa = PBXFileReference; lastKnownFileType = folder.assetcatalog; path = Assets.xcassets; sourceTree = "<group>"; };
		CCE77992249CA0A80013DA2B /* Base */ = {isa = PBXFileReference; lastKnownFileType = file.storyboard; name = Base; path = Base.lproj/LaunchScreen.storyboard; sourceTree = "<group>"; };
		CCE77994249CA0A80013DA2B /* Info.plist */ = {isa = PBXFileReference; lastKnownFileType = text.plist.xml; path = Info.plist; sourceTree = "<group>"; };
		CCE7799D249CA1570013DA2B /* TimeCircuitsViewController.swift */ = {isa = PBXFileReference; lastKnownFileType = sourcecode.swift; path = TimeCircuitsViewController.swift; sourceTree = "<group>"; };
		CCE7799F249CA16B0013DA2B /* DatePickerViewController.swift */ = {isa = PBXFileReference; lastKnownFileType = sourcecode.swift; path = DatePickerViewController.swift; sourceTree = "<group>"; };
		CCE779A2249CAC0E0013DA2B /* digital-7.ttf */ = {isa = PBXFileReference; lastKnownFileType = file; name = "digital-7.ttf"; path = "../../digital-7.ttf"; sourceTree = "<group>"; };
/* End PBXFileReference section */

/* Begin PBXFrameworksBuildPhase section */
		CCE77980249CA0A50013DA2B /* Frameworks */ = {
			isa = PBXFrameworksBuildPhase;
			buildActionMask = 2147483647;
			files = (
			);
			runOnlyForDeploymentPostprocessing = 0;
		};
/* End PBXFrameworksBuildPhase section */

/* Begin PBXGroup section */
		CCE7797A249CA0A50013DA2B = {
			isa = PBXGroup;
			children = (
				CCE77985249CA0A50013DA2B /* OutaTime */,
				CCE77984249CA0A50013DA2B /* Products */,
			);
			sourceTree = "<group>";
		};
		CCE77984249CA0A50013DA2B /* Products */ = {
			isa = PBXGroup;
			children = (
				CCE77983249CA0A50013DA2B /* OutaTime.app */,
			);
			name = Products;
			sourceTree = "<group>";
		};
		CCE77985249CA0A50013DA2B /* OutaTime */ = {
			isa = PBXGroup;
			children = (
				CCE7799A249CA0D10013DA2B /* Resources */,
				CCE7799C249CA0F90013DA2B /* Storyboards */,
				CCE7799B249CA0DE0013DA2B /* ViewControllers */,
				CCE779A2249CAC0E0013DA2B /* digital-7.ttf */,
				CCE77994249CA0A80013DA2B /* Info.plist */,
			);
			path = OutaTime;
			sourceTree = "<group>";
		};
		CCE7799A249CA0D10013DA2B /* Resources */ = {
			isa = PBXGroup;
			children = (
				CCE77986249CA0A50013DA2B /* AppDelegate.swift */,
				CCE77988249CA0A50013DA2B /* SceneDelegate.swift */,
				CCE7798F249CA0A80013DA2B /* Assets.xcassets */,
			);
			path = Resources;
			sourceTree = "<group>";
		};
		CCE7799B249CA0DE0013DA2B /* ViewControllers */ = {
			isa = PBXGroup;
			children = (
				CCE7799D249CA1570013DA2B /* TimeCircuitsViewController.swift */,
				CCE7799F249CA16B0013DA2B /* DatePickerViewController.swift */,
			);
			path = ViewControllers;
			sourceTree = "<group>";
		};
		CCE7799C249CA0F90013DA2B /* Storyboards */ = {
			isa = PBXGroup;
			children = (
				CCE7798C249CA0A50013DA2B /* Main.storyboard */,
				CCE77991249CA0A80013DA2B /* LaunchScreen.storyboard */,
			);
			path = Storyboards;
			sourceTree = "<group>";
		};
/* End PBXGroup section */

/* Begin PBXNativeTarget section */
		CCE77982249CA0A50013DA2B /* OutaTime */ = {
			isa = PBXNativeTarget;
			buildConfigurationList = CCE77997249CA0A80013DA2B /* Build configuration list for PBXNativeTarget "OutaTime" */;
			buildPhases = (
				CCE7797F249CA0A50013DA2B /* Sources */,
				CCE77980249CA0A50013DA2B /* Frameworks */,
				CCE77981249CA0A50013DA2B /* Resources */,
			);
			buildRules = (
			);
			dependencies = (
			);
			name = OutaTime;
			productName = OutaTime;
			productReference = CCE77983249CA0A50013DA2B /* OutaTime.app */;
			productType = "com.apple.product-type.application";
		};
/* End PBXNativeTarget section */

/* Begin PBXProject section */
		CCE7797B249CA0A50013DA2B /* Project object */ = {
			isa = PBXProject;
			attributes = {
				LastSwiftUpdateCheck = 1140;
				LastUpgradeCheck = 1140;
				ORGANIZATIONNAME = "Jeff Kang";
				TargetAttributes = {
					CCE77982249CA0A50013DA2B = {
						CreatedOnToolsVersion = 11.4.1;
					};
				};
			};
			buildConfigurationList = CCE7797E249CA0A50013DA2B /* Build configuration list for PBXProject "OutaTime" */;
			compatibilityVersion = "Xcode 9.3";
			developmentRegion = en;
			hasScannedForEncodings = 0;
			knownRegions = (
				en,
				Base,
			);
			mainGroup = CCE7797A249CA0A50013DA2B;
			productRefGroup = CCE77984249CA0A50013DA2B /* Products */;
			projectDirPath = "";
			projectRoot = "";
			targets = (
				CCE77982249CA0A50013DA2B /* OutaTime */,
			);
		};
/* End PBXProject section */

/* Begin PBXResourcesBuildPhase section */
		CCE77981249CA0A50013DA2B /* Resources */ = {
			isa = PBXResourcesBuildPhase;
			buildActionMask = 2147483647;
			files = (
				CCE77993249CA0A80013DA2B /* LaunchScreen.storyboard in Resources */,
				CCE77990249CA0A80013DA2B /* Assets.xcassets in Resources */,
				CCE7798E249CA0A50013DA2B /* Main.storyboard in Resources */,
				CCE779A3249CAC0E0013DA2B /* digital-7.ttf in Resources */,
			);
			runOnlyForDeploymentPostprocessing = 0;
		};
/* End PBXResourcesBuildPhase section */

/* Begin PBXSourcesBuildPhase section */
		CCE7797F249CA0A50013DA2B /* Sources */ = {
			isa = PBXSourcesBuildPhase;
			buildActionMask = 2147483647;
			files = (
				CCE779A0249CA16B0013DA2B /* DatePickerViewController.swift in Sources */,
				CCE77987249CA0A50013DA2B /* AppDelegate.swift in Sources */,
				CCE7799E249CA1570013DA2B /* TimeCircuitsViewController.swift in Sources */,
				CCE77989249CA0A50013DA2B /* SceneDelegate.swift in Sources */,
			);
			runOnlyForDeploymentPostprocessing = 0;
		};
/* End PBXSourcesBuildPhase section */

/* Begin PBXVariantGroup section */
		CCE7798C249CA0A50013DA2B /* Main.storyboard */ = {
			isa = PBXVariantGroup;
			children = (
				CCE7798D249CA0A50013DA2B /* Base */,
			);
			name = Main.storyboard;
			sourceTree = "<group>";
		};
		CCE77991249CA0A80013DA2B /* LaunchScreen.storyboard */ = {
			isa = PBXVariantGroup;
			children = (
				CCE77992249CA0A80013DA2B /* Base */,
			);
			name = LaunchScreen.storyboard;
			sourceTree = "<group>";
		};
/* End PBXVariantGroup section */

/* Begin XCBuildConfiguration section */
		CCE77995249CA0A80013DA2B /* Debug */ = {
			isa = XCBuildConfiguration;
			buildSettings = {
				ALWAYS_SEARCH_USER_PATHS = NO;
				CLANG_ANALYZER_NONNULL = YES;
				CLANG_ANALYZER_NUMBER_OBJECT_CONVERSION = YES_AGGRESSIVE;
				CLANG_CXX_LANGUAGE_STANDARD = "gnu++14";
				CLANG_CXX_LIBRARY = "libc++";
				CLANG_ENABLE_MODULES = YES;
				CLANG_ENABLE_OBJC_ARC = YES;
				CLANG_ENABLE_OBJC_WEAK = YES;
				CLANG_WARN_BLOCK_CAPTURE_AUTORELEASING = YES;
				CLANG_WARN_BOOL_CONVERSION = YES;
				CLANG_WARN_COMMA = YES;
				CLANG_WARN_CONSTANT_CONVERSION = YES;
				CLANG_WARN_DEPRECATED_OBJC_IMPLEMENTATIONS = YES;
				CLANG_WARN_DIRECT_OBJC_ISA_USAGE = YES_ERROR;
				CLANG_WARN_DOCUMENTATION_COMMENTS = YES;
				CLANG_WARN_EMPTY_BODY = YES;
				CLANG_WARN_ENUM_CONVERSION = YES;
				CLANG_WARN_INFINITE_RECURSION = YES;
				CLANG_WARN_INT_CONVERSION = YES;
				CLANG_WARN_NON_LITERAL_NULL_CONVERSION = YES;
				CLANG_WARN_OBJC_IMPLICIT_RETAIN_SELF = YES;
				CLANG_WARN_OBJC_LITERAL_CONVERSION = YES;
				CLANG_WARN_OBJC_ROOT_CLASS = YES_ERROR;
				CLANG_WARN_RANGE_LOOP_ANALYSIS = YES;
				CLANG_WARN_STRICT_PROTOTYPES = YES;
				CLANG_WARN_SUSPICIOUS_MOVE = YES;
				CLANG_WARN_UNGUARDED_AVAILABILITY = YES_AGGRESSIVE;
				CLANG_WARN_UNREACHABLE_CODE = YES;
				CLANG_WARN__DUPLICATE_METHOD_MATCH = YES;
				COPY_PHASE_STRIP = NO;
				DEBUG_INFORMATION_FORMAT = dwarf;
				ENABLE_STRICT_OBJC_MSGSEND = YES;
				ENABLE_TESTABILITY = YES;
				GCC_C_LANGUAGE_STANDARD = gnu11;
				GCC_DYNAMIC_NO_PIC = NO;
				GCC_NO_COMMON_BLOCKS = YES;
				GCC_OPTIMIZATION_LEVEL = 0;
				GCC_PREPROCESSOR_DEFINITIONS = (
					"DEBUG=1",
					"$(inherited)",
				);
				GCC_WARN_64_TO_32_BIT_CONVERSION = YES;
				GCC_WARN_ABOUT_RETURN_TYPE = YES_ERROR;
				GCC_WARN_UNDECLARED_SELECTOR = YES;
				GCC_WARN_UNINITIALIZED_AUTOS = YES_AGGRESSIVE;
				GCC_WARN_UNUSED_FUNCTION = YES;
				GCC_WARN_UNUSED_VARIABLE = YES;
				IPHONEOS_DEPLOYMENT_TARGET = 13.4;
				MTL_ENABLE_DEBUG_INFO = INCLUDE_SOURCE;
				MTL_FAST_MATH = YES;
				ONLY_ACTIVE_ARCH = YES;
				SDKROOT = iphoneos;
				SWIFT_ACTIVE_COMPILATION_CONDITIONS = DEBUG;
				SWIFT_OPTIMIZATION_LEVEL = "-Onone";
			};
			name = Debug;
		};
		CCE77996249CA0A80013DA2B /* Release */ = {
			isa = XCBuildConfiguration;
			buildSettings = {
				ALWAYS_SEARCH_USER_PATHS = NO;
				CLANG_ANALYZER_NONNULL = YES;
				CLANG_ANALYZER_NUMBER_OBJECT_CONVERSION = YES_AGGRESSIVE;
				CLANG_CXX_LANGUAGE_STANDARD = "gnu++14";
				CLANG_CXX_LIBRARY = "libc++";
				CLANG_ENABLE_MODULES = YES;
				CLANG_ENABLE_OBJC_ARC = YES;
				CLANG_ENABLE_OBJC_WEAK = YES;
				CLANG_WARN_BLOCK_CAPTURE_AUTORELEASING = YES;
				CLANG_WARN_BOOL_CONVERSION = YES;
				CLANG_WARN_COMMA = YES;
				CLANG_WARN_CONSTANT_CONVERSION = YES;
				CLANG_WARN_DEPRECATED_OBJC_IMPLEMENTATIONS = YES;
				CLANG_WARN_DIRECT_OBJC_ISA_USAGE = YES_ERROR;
				CLANG_WARN_DOCUMENTATION_COMMENTS = YES;
				CLANG_WARN_EMPTY_BODY = YES;
				CLANG_WARN_ENUM_CONVERSION = YES;
				CLANG_WARN_INFINITE_RECURSION = YES;
				CLANG_WARN_INT_CONVERSION = YES;
				CLANG_WARN_NON_LITERAL_NULL_CONVERSION = YES;
				CLANG_WARN_OBJC_IMPLICIT_RETAIN_SELF = YES;
				CLANG_WARN_OBJC_LITERAL_CONVERSION = YES;
				CLANG_WARN_OBJC_ROOT_CLASS = YES_ERROR;
				CLANG_WARN_RANGE_LOOP_ANALYSIS = YES;
				CLANG_WARN_STRICT_PROTOTYPES = YES;
				CLANG_WARN_SUSPICIOUS_MOVE = YES;
				CLANG_WARN_UNGUARDED_AVAILABILITY = YES_AGGRESSIVE;
				CLANG_WARN_UNREACHABLE_CODE = YES;
				CLANG_WARN__DUPLICATE_METHOD_MATCH = YES;
				COPY_PHASE_STRIP = NO;
				DEBUG_INFORMATION_FORMAT = "dwarf-with-dsym";
				ENABLE_NS_ASSERTIONS = NO;
				ENABLE_STRICT_OBJC_MSGSEND = YES;
				GCC_C_LANGUAGE_STANDARD = gnu11;
				GCC_NO_COMMON_BLOCKS = YES;
				GCC_WARN_64_TO_32_BIT_CONVERSION = YES;
				GCC_WARN_ABOUT_RETURN_TYPE = YES_ERROR;
				GCC_WARN_UNDECLARED_SELECTOR = YES;
				GCC_WARN_UNINITIALIZED_AUTOS = YES_AGGRESSIVE;
				GCC_WARN_UNUSED_FUNCTION = YES;
				GCC_WARN_UNUSED_VARIABLE = YES;
				IPHONEOS_DEPLOYMENT_TARGET = 13.4;
				MTL_ENABLE_DEBUG_INFO = NO;
				MTL_FAST_MATH = YES;
				SDKROOT = iphoneos;
				SWIFT_COMPILATION_MODE = wholemodule;
				SWIFT_OPTIMIZATION_LEVEL = "-O";
				VALIDATE_PRODUCT = YES;
			};
			name = Release;
		};
		CCE77998249CA0A80013DA2B /* Debug */ = {
			isa = XCBuildConfiguration;
			buildSettings = {
				ASSETCATALOG_COMPILER_APPICON_NAME = AppIcon;
				CODE_SIGN_STYLE = Automatic;
				INFOPLIST_FILE = OutaTime/Info.plist;
				LD_RUNPATH_SEARCH_PATHS = (
					"$(inherited)",
					"@executable_path/Frameworks",
				);
				PRODUCT_BUNDLE_IDENTIFIER = com.jeffkang.OutaTime;
				PRODUCT_NAME = "$(TARGET_NAME)";
				SWIFT_VERSION = 5.0;
				TARGETED_DEVICE_FAMILY = "1,2";
			};
			name = Debug;
		};
		CCE77999249CA0A80013DA2B /* Release */ = {
			isa = XCBuildConfiguration;
			buildSettings = {
				ASSETCATALOG_COMPILER_APPICON_NAME = AppIcon;
				CODE_SIGN_STYLE = Automatic;
				INFOPLIST_FILE = OutaTime/Info.plist;
				LD_RUNPATH_SEARCH_PATHS = (
					"$(inherited)",
					"@executable_path/Frameworks",
				);
				PRODUCT_BUNDLE_IDENTIFIER = com.jeffkang.OutaTime;
				PRODUCT_NAME = "$(TARGET_NAME)";
				SWIFT_VERSION = 5.0;
				TARGETED_DEVICE_FAMILY = "1,2";
			};
			name = Release;
		};
/* End XCBuildConfiguration section */

/* Begin XCConfigurationList section */
		CCE7797E249CA0A50013DA2B /* Build configuration list for PBXProject "OutaTime" */ = {
			isa = XCConfigurationList;
			buildConfigurations = (
				CCE77995249CA0A80013DA2B /* Debug */,
				CCE77996249CA0A80013DA2B /* Release */,
			);
			defaultConfigurationIsVisible = 0;
			defaultConfigurationName = Release;
		};
		CCE77997249CA0A80013DA2B /* Build configuration list for PBXNativeTarget "OutaTime" */ = {
			isa = XCConfigurationList;
			buildConfigurations = (
				CCE77998249CA0A80013DA2B /* Debug */,
				CCE77999249CA0A80013DA2B /* Release */,
			);
			defaultConfigurationIsVisible = 0;
			defaultConfigurationName = Release;
		};
/* End XCConfigurationList section */
	};
	rootObject = CCE7797B249CA0A50013DA2B /* Project object */;
}
